
Microsoft Visual Studio Solution File, Format Version 12.00
# Visual Studio Version 17
VisualStudioVersion = 17.10.35027.167
MinimumVisualStudioVersion = 10.0.40219.1
Project("{9A19103F-16F7-4668-BE54-9A1E7A4F7556}") = "SharpBiliLiveMessages", "SharpBiliLiveMessages\SharpBiliLiveMessages.csproj", "{F04CE0BA-B0A5-4FFE-9F20-8A9FD7B46AA2}"
EndProject
Project("{FAE04EC0-301F-11D3-BF4B-00C04F79EFBC}") = "Example", "Example\Example.csproj", "{991239E7-6520-464B-A8C0-62950A731D3D}"
EndProject
Global
	GlobalSection(SolutionConfigurationPlatforms) = preSolution
		Debug|Any CPU = Debug|Any CPU
		Release|Any CPU = Release|Any CPU
	EndGlobalSection
	GlobalSection(ProjectConfigurationPlatforms) = postSolution
		{F04CE0BA-B0A5-4FFE-9F20-8A9FD7B46AA2}.Debug|Any CPU.ActiveCfg = Debug|Any CPU
		{F04CE0BA-B0A5-4FFE-9F20-8A9FD7B46AA2}.Debug|Any CPU.Build.0 = Debug|Any CPU
		{F04CE0BA-B0A5-4FFE-9F20-8A9FD7B46AA2}.Release|Any CPU.ActiveCfg = Release|Any CPU
		{F04CE0BA-B0A5-4FFE-9F20-8A9FD7B46AA2}.Release|Any CPU.Build.0 = Release|Any CPU
		{991239E7-6520-464B-A8C0-62950A731D3D}.Debug|Any CPU.ActiveCfg = Debug|Any CPU
		{991239E7-6520-464B-A8C0-62950A731D3D}.Debug|Any CPU.Build.0 = Debug|Any CPU
		{991239E7-6520-464B-A8C0-62950A731D3D}.Release|Any CPU.ActiveCfg = Release|Any CPU
		{991239E7-6520-464B-A8C0-62950A731D3D}.Release|Any CPU.Build.0 = Release|Any CPU
	EndGlobalSection
	GlobalSection(SolutionProperties) = preSolution
		HideSolutionNode = FALSE
	EndGlobalSection
	GlobalSection(ExtensibilityGlobals) = postSolution
		SolutionGuid = {8EE09E22-C6A0-4708-804F-24E70131444D}
	EndGlobalSection
EndGlobal
